
Microsoft Visual Studio Solution File, Format Version 12.00
# Visual Studio Version 17
VisualStudioVersion = 17.14.36301.6 d17.14
MinimumVisualStudioVersion = 10.0.40219.1
Project("{FAE04EC0-301F-11D3-BF4B-00C04F79EFBC}") = "MyFirstMVCApp", "MyFirstMVCApp\MyFirstMVCApp.csproj", "{C9F9A788-87F2-41C4-851B-84BD9C1DA801}"
EndProject
Global
	GlobalSection(SolutionConfigurationPlatforms) = preSolution
		Debug|Any CPU = Debug|Any CPU
		Release|Any CPU = Release|Any CPU
	EndGlobalSection
	GlobalSection(ProjectConfigurationPlatforms) = postSolution
		{C9F9A788-87F2-41C4-851B-84BD9C1DA801}.Debug|Any CPU.ActiveCfg = Debug|Any CPU
		{C9F9A788-87F2-41C4-851B-84BD9C1DA801}.Debug|Any CPU.Build.0 = Debug|Any CPU
		{C9F9A788-87F2-41C4-851B-84BD9C1DA801}.Release|Any CPU.ActiveCfg = Release|Any CPU
		{C9F9A788-87F2-41C4-851B-84BD9C1DA801}.Release|Any CPU.Build.0 = Release|Any CPU
	EndGlobalSection
	GlobalSection(SolutionProperties) = preSolution
		HideSolutionNode = FALSE
	EndGlobalSection
	GlobalSection(ExtensibilityGlobals) = postSolution
		SolutionGuid = {319C901A-61CC-43C5-9387-0B0F894B8722}
	EndGlobalSection
EndGlobal
